// !$*UTF8*$!
{
	archiveVersion = 1;
	classes = {
	};
	objectVersion = 50;
	objects = {

/* Begin PBXBuildFile section */
		68519309257A7AC500E70217 /* AppDelegate.swift in Sources */ = {isa = PBXBuildFile; fileRef = 68519308257A7AC500E70217 /* AppDelegate.swift */; };
		6851930B257A7AC500E70217 /* SceneDelegate.swift in Sources */ = {isa = PBXBuildFile; fileRef = 6851930A257A7AC500E70217 /* SceneDelegate.swift */; };
		6851930D257A7AC500E70217 /* ViewController.swift in Sources */ = {isa = PBXBuildFile; fileRef = 6851930C257A7AC500E70217 /* ViewController.swift */; };
		68519310257A7AC500E70217 /* Main.storyboard in Resources */ = {isa = PBXBuildFile; fileRef = 6851930E257A7AC500E70217 /* Main.storyboard */; };
		68519312257A7AC800E70217 /* Assets.xcassets in Resources */ = {isa = PBXBuildFile; fileRef = 68519311257A7AC800E70217 /* Assets.xcassets */; };
		68519315257A7AC800E70217 /* LaunchScreen.storyboard in Resources */ = {isa = PBXBuildFile; fileRef = 68519313257A7AC800E70217 /* LaunchScreen.storyboard */; };
		F7F73DC9D113F055DC7835C8 /* Pods_GiphySample.framework in Frameworks */ = {isa = PBXBuildFile; fileRef = B23D62E8FF2370A31E622664 /* Pods_GiphySample.framework */; };
/* End PBXBuildFile section */

/* Begin PBXFileReference section */
		1CBB6498A9757C623814D0FF /* Pods-GiphySample.release.xcconfig */ = {isa = PBXFileReference; includeInIndex = 1; lastKnownFileType = text.xcconfig; name = "Pods-GiphySample.release.xcconfig"; path = "Target Support Files/Pods-GiphySample/Pods-GiphySample.release.xcconfig"; sourceTree = "<group>"; };
		68519305257A7AC500E70217 /* GiphySample.app */ = {isa = PBXFileReference; explicitFileType = wrapper.application; includeInIndex = 0; path = GiphySample.app; sourceTree = BUILT_PRODUCTS_DIR; };
		68519308257A7AC500E70217 /* AppDelegate.swift */ = {isa = PBXFileReference; lastKnownFileType = sourcecode.swift; path = AppDelegate.swift; sourceTree = "<group>"; };
		6851930A257A7AC500E70217 /* SceneDelegate.swift */ = {isa = PBXFileReference; lastKnownFileType = sourcecode.swift; path = SceneDelegate.swift; sourceTree = "<group>"; };
		6851930C257A7AC500E70217 /* ViewController.swift */ = {isa = PBXFileReference; lastKnownFileType = sourcecode.swift; path = ViewController.swift; sourceTree = "<group>"; };
		6851930F257A7AC500E70217 /* Base */ = {isa = PBXFileReference; lastKnownFileType = file.storyboard; name = Base; path = Base.lproj/Main.storyboard; sourceTree = "<group>"; };
		68519311257A7AC800E70217 /* Assets.xcassets */ = {isa = PBXFileReference; lastKnownFileType = folder.assetcatalog; path = Assets.xcassets; sourceTree = "<group>"; };
		68519314257A7AC800E70217 /* Base */ = {isa = PBXFileReference; lastKnownFileType = file.storyboard; name = Base; path = Base.lproj/LaunchScreen.storyboard; sourceTree = "<group>"; };
		68519316257A7AC800E70217 /* Info.plist */ = {isa = PBXFileReference; lastKnownFileType = text.plist.xml; path = Info.plist; sourceTree = "<group>"; };
		9C42C3916BBA6B546A83E4D0 /* Pods-GiphySample.debug.xcconfig */ = {isa = PBXFileReference; includeInIndex = 1; lastKnownFileType = text.xcconfig; name = "Pods-GiphySample.debug.xcconfig"; path = "Target Support Files/Pods-GiphySample/Pods-GiphySample.debug.xcconfig"; sourceTree = "<group>"; };
		B23D62E8FF2370A31E622664 /* Pods_GiphySample.framework */ = {isa = PBXFileReference; explicitFileType = wrapper.framework; includeInIndex = 0; path = Pods_GiphySample.framework; sourceTree = BUILT_PRODUCTS_DIR; };
/* End PBXFileReference section */

/* Begin PBXFrameworksBuildPhase section */
		68519302257A7AC500E70217 /* Frameworks */ = {
			isa = PBXFrameworksBuildPhase;
			buildActionMask = 2147483647;
			files = (
				F7F73DC9D113F055DC7835C8 /* Pods_GiphySample.framework in Frameworks */,
			);
			runOnlyForDeploymentPostprocessing = 0;
		};
/* End PBXFrameworksBuildPhase section */

/* Begin PBXGroup section */
		685192FC257A7AC500E70217 = {
			isa = PBXGroup;
			children = (
				68519307257A7AC500E70217 /* GiphySample */,
				68519306257A7AC500E70217 /* Products */,
				6FDBF4117401A84850EF8F3D /* Pods */,
				8CAB5FA89E40CE201BF757B2 /* Frameworks */,
			);
			sourceTree = "<group>";
		};
		68519306257A7AC500E70217 /* Products */ = {
			isa = PBXGroup;
			children = (
				68519305257A7AC500E70217 /* GiphySample.app */,
			);
			name = Products;
			sourceTree = "<group>";
		};
		68519307257A7AC500E70217 /* GiphySample */ = {
			isa = PBXGroup;
			children = (
				68519308257A7AC500E70217 /* AppDelegate.swift */,
				6851930A257A7AC500E70217 /* SceneDelegate.swift */,
				6851930C257A7AC500E70217 /* ViewController.swift */,
				6851930E257A7AC500E70217 /* Main.storyboard */,
				68519311257A7AC800E70217 /* Assets.xcassets */,
				68519313257A7AC800E70217 /* LaunchScreen.storyboard */,
				68519316257A7AC800E70217 /* Info.plist */,
			);
			path = GiphySample;
			sourceTree = "<group>";
		};
		6FDBF4117401A84850EF8F3D /* Pods */ = {
			isa = PBXGroup;
			children = (
				9C42C3916BBA6B546A83E4D0 /* Pods-GiphySample.debug.xcconfig */,
				1CBB6498A9757C623814D0FF /* Pods-GiphySample.release.xcconfig */,
			);
			name = Pods;
			path = Pods;
			sourceTree = "<group>";
		};
		8CAB5FA89E40CE201BF757B2 /* Frameworks */ = {
			isa = PBXGroup;
			children = (
				B23D62E8FF2370A31E622664 /* Pods_GiphySample.framework */,
			);
			name = Frameworks;
			sourceTree = "<group>";
		};
/* End PBXGroup section */

/* Begin PBXNativeTarget section */
		68519304257A7AC500E70217 /* GiphySample */ = {
			isa = PBXNativeTarget;
			buildConfigurationList = 68519319257A7AC800E70217 /* Build configuration list for PBXNativeTarget "GiphySample" */;
			buildPhases = (
				9F1CE7CC1D919535B447CFEF /* [CP] Check Pods Manifest.lock */,
				68519301257A7AC500E70217 /* Sources */,
				68519302257A7AC500E70217 /* Frameworks */,
				68519303257A7AC500E70217 /* Resources */,
				17F0B2A9A9BE04CFB1FC9D2C /* [CP] Embed Pods Frameworks */,
			);
			buildRules = (
			);
			dependencies = (
			);
			name = GiphySample;
			productName = GiphySample;
			productReference = 68519305257A7AC500E70217 /* GiphySample.app */;
			productType = "com.apple.product-type.application";
		};
/* End PBXNativeTarget section */

/* Begin PBXProject section */
		685192FD257A7AC500E70217 /* Project object */ = {
			isa = PBXProject;
			attributes = {
				LastSwiftUpdateCheck = 1220;
				LastUpgradeCheck = 1220;
				TargetAttributes = {
					68519304257A7AC500E70217 = {
						CreatedOnToolsVersion = 12.2;
					};
				};
			};
			buildConfigurationList = 68519300257A7AC500E70217 /* Build configuration list for PBXProject "GiphySample" */;
			compatibilityVersion = "Xcode 9.3";
			developmentRegion = en;
			hasScannedForEncodings = 0;
			knownRegions = (
				en,
				Base,
			);
			mainGroup = 685192FC257A7AC500E70217;
			productRefGroup = 68519306257A7AC500E70217 /* Products */;
			projectDirPath = "";
			projectRoot = "";
			targets = (
				68519304257A7AC500E70217 /* GiphySample */,
			);
		};
/* End PBXProject section */

/* Begin PBXResourcesBuildPhase section */
		68519303257A7AC500E70217 /* Resources */ = {
			isa = PBXResourcesBuildPhase;
			buildActionMask = 2147483647;
			files = (
				68519315257A7AC800E70217 /* LaunchScreen.storyboard in Resources */,
				68519312257A7AC800E70217 /* Assets.xcassets in Resources */,
				68519310257A7AC500E70217 /* Main.storyboard in Resources */,
			);
			runOnlyForDeploymentPostprocessing = 0;
		};
/* End PBXResourcesBuildPhase section */

/* Begin PBXShellScriptBuildPhase section */
		17F0B2A9A9BE04CFB1FC9D2C /* [CP] Embed Pods Frameworks */ = {
			isa = PBXShellScriptBuildPhase;
			buildActionMask = 2147483647;
			files = (
			);
			inputFileListPaths = (
				"${PODS_ROOT}/Target Support Files/Pods-GiphySample/Pods-GiphySample-frameworks-${CONFIGURATION}-input-files.xcfilelist",
			);
			name = "[CP] Embed Pods Frameworks";
			outputFileListPaths = (
				"${PODS_ROOT}/Target Support Files/Pods-GiphySample/Pods-GiphySample-frameworks-${CONFIGURATION}-output-files.xcfilelist",
			);
			runOnlyForDeploymentPostprocessing = 0;
			shellPath = /bin/sh;
			shellScript = "\"${PODS_ROOT}/Target Support Files/Pods-GiphySample/Pods-GiphySample-frameworks.sh\"\n";
			showEnvVarsInLog = 0;
		};
		9F1CE7CC1D919535B447CFEF /* [CP] Check Pods Manifest.lock */ = {
			isa = PBXShellScriptBuildPhase;
			buildActionMask = 2147483647;
			files = (
			);
			inputFileListPaths = (
			);
			inputPaths = (
				"${PODS_PODFILE_DIR_PATH}/Podfile.lock",
				"${PODS_ROOT}/Manifest.lock",
			);
			name = "[CP] Check Pods Manifest.lock";
			outputFileListPaths = (
			);
			outputPaths = (
				"$(DERIVED_FILE_DIR)/Pods-GiphySample-checkManifestLockResult.txt",
			);
			runOnlyForDeploymentPostprocessing = 0;
			shellPath = /bin/sh;
			shellScript = "diff \"${PODS_PODFILE_DIR_PATH}/Podfile.lock\" \"${PODS_ROOT}/Manifest.lock\" > /dev/null\nif [ $? != 0 ] ; then\n    # print error to STDERR\n    echo \"error: The sandbox is not in sync with the Podfile.lock. Run 'pod install' or update your CocoaPods installation.\" >&2\n    exit 1\nfi\n# This output is used by Xcode 'outputs' to avoid re-running this script phase.\necho \"SUCCESS\" > \"${SCRIPT_OUTPUT_FILE_0}\"\n";
			showEnvVarsInLog = 0;
		};
/* End PBXShellScriptBuildPhase section */

/* Begin PBXSourcesBuildPhase section */
		68519301257A7AC500E70217 /* Sources */ = {
			isa = PBXSourcesBuildPhase;
			buildActionMask = 2147483647;
			files = (
				6851930D257A7AC500E70217 /* ViewController.swift in Sources */,
				68519309257A7AC500E70217 /* AppDelegate.swift in Sources */,
				6851930B257A7AC500E70217 /* SceneDelegate.swift in Sources */,
			);
			runOnlyForDeploymentPostprocessing = 0;
		};
/* End PBXSourcesBuildPhase section */

/* Begin PBXVariantGroup section */
		6851930E257A7AC500E70217 /* Main.storyboard */ = {
			isa = PBXVariantGroup;
			children = (
				6851930F257A7AC500E70217 /* Base */,
			);
			name = Main.storyboard;
			sourceTree = "<group>";
		};
		68519313257A7AC800E70217 /* LaunchScreen.storyboard */ = {
			isa = PBXVariantGroup;
			children = (
				68519314257A7AC800E70217 /* Base */,
			);
			name = LaunchScreen.storyboard;
			sourceTree = "<group>";
		};
/* End PBXVariantGroup section */

/* Begin XCBuildConfiguration section */
		68519317257A7AC800E70217 /* Debug */ = {
			isa = XCBuildConfiguration;
			buildSettings = {
				ALWAYS_SEARCH_USER_PATHS = NO;
				CLANG_ANALYZER_NONNULL = YES;
				CLANG_ANALYZER_NUMBER_OBJECT_CONVERSION = YES_AGGRESSIVE;
				CLANG_CXX_LANGUAGE_STANDARD = "gnu++14";
				CLANG_CXX_LIBRARY = "libc++";
				CLANG_ENABLE_MODULES = YES;
				CLANG_ENABLE_OBJC_ARC = YES;
				CLANG_ENABLE_OBJC_WEAK = YES;
				CLANG_WARN_BLOCK_CAPTURE_AUTORELEASING = YES;
				CLANG_WARN_BOOL_CONVERSION = YES;
				CLANG_WARN_COMMA = YES;
				CLANG_WARN_CONSTANT_CONVERSION = YES;
				CLANG_WARN_DEPRECATED_OBJC_IMPLEMENTATIONS = YES;
				CLANG_WARN_DIRECT_OBJC_ISA_USAGE = YES_ERROR;
				CLANG_WARN_DOCUMENTATION_COMMENTS = YES;
				CLANG_WARN_EMPTY_BODY = YES;
				CLANG_WARN_ENUM_CONVERSION = YES;
				CLANG_WARN_INFINITE_RECURSION = YES;
				CLANG_WARN_INT_CONVERSION = YES;
				CLANG_WARN_NON_LITERAL_NULL_CONVERSION = YES;
				CLANG_WARN_OBJC_IMPLICIT_RETAIN_SELF = YES;
				CLANG_WARN_OBJC_LITERAL_CONVERSION = YES;
				CLANG_WARN_OBJC_ROOT_CLASS = YES_ERROR;
				CLANG_WARN_QUOTED_INCLUDE_IN_FRAMEWORK_HEADER = YES;
				CLANG_WARN_RANGE_LOOP_ANALYSIS = YES;
				CLANG_WARN_STRICT_PROTOTYPES = YES;
				CLANG_WARN_SUSPICIOUS_MOVE = YES;
				CLANG_WARN_UNGUARDED_AVAILABILITY = YES_AGGRESSIVE;
				CLANG_WARN_UNREACHABLE_CODE = YES;
				CLANG_WARN__DUPLICATE_METHOD_MATCH = YES;
				COPY_PHASE_STRIP = NO;
				DEBUG_INFORMATION_FORMAT = dwarf;
				ENABLE_STRICT_OBJC_MSGSEND = YES;
				ENABLE_TESTABILITY = YES;
				GCC_C_LANGUAGE_STANDARD = gnu11;
				GCC_DYNAMIC_NO_PIC = NO;
				GCC_NO_COMMON_BLOCKS = YES;
				GCC_OPTIMIZATION_LEVEL = 0;
				GCC_PREPROCESSOR_DEFINITIONS = (
					"DEBUG=1",
					"$(inherited)",
				);
				GCC_WARN_64_TO_32_BIT_CONVERSION = YES;
				GCC_WARN_ABOUT_RETURN_TYPE = YES_ERROR;
				GCC_WARN_UNDECLARED_SELECTOR = YES;
				GCC_WARN_UNINITIALIZED_AUTOS = YES_AGGRESSIVE;
				GCC_WARN_UNUSED_FUNCTION = YES;
				GCC_WARN_UNUSED_VARIABLE = YES;
				IPHONEOS_DEPLOYMENT_TARGET = 14.0;
				MTL_ENABLE_DEBUG_INFO = INCLUDE_SOURCE;
				MTL_FAST_MATH = YES;
				ONLY_ACTIVE_ARCH = YES;
				SDKROOT = iphoneos;
				SWIFT_ACTIVE_COMPILATION_CONDITIONS = DEBUG;
				SWIFT_OPTIMIZATION_LEVEL = "-Onone";
			};
			name = Debug;
		};
		68519318257A7AC800E70217 /* Release */ = {
			isa = XCBuildConfiguration;
			buildSettings = {
				ALWAYS_SEARCH_USER_PATHS = NO;
				CLANG_ANALYZER_NONNULL = YES;
				CLANG_ANALYZER_NUMBER_OBJECT_CONVERSION = YES_AGGRESSIVE;
				CLANG_CXX_LANGUAGE_STANDARD = "gnu++14";
				CLANG_CXX_LIBRARY = "libc++";
				CLANG_ENABLE_MODULES = YES;
				CLANG_ENABLE_OBJC_ARC = YES;
				CLANG_ENABLE_OBJC_WEAK = YES;
				CLANG_WARN_BLOCK_CAPTURE_AUTORELEASING = YES;
				CLANG_WARN_BOOL_CONVERSION = YES;
				CLANG_WARN_COMMA = YES;
				CLANG_WARN_CONSTANT_CONVERSION = YES;
				CLANG_WARN_DEPRECATED_OBJC_IMPLEMENTATIONS = YES;
				CLANG_WARN_DIRECT_OBJC_ISA_USAGE = YES_ERROR;
				CLANG_WARN_DOCUMENTATION_COMMENTS = YES;
				CLANG_WARN_EMPTY_BODY = YES;
				CLANG_WARN_ENUM_CONVERSION = YES;
				CLANG_WARN_INFINITE_RECURSION = YES;
				CLANG_WARN_INT_CONVERSION = YES;
				CLANG_WARN_NON_LITERAL_NULL_CONVERSION = YES;
				CLANG_WARN_OBJC_IMPLICIT_RETAIN_SELF = YES;
				CLANG_WARN_OBJC_LITERAL_CONVERSION = YES;
				CLANG_WARN_OBJC_ROOT_CLASS = YES_ERROR;
				CLANG_WARN_QUOTED_INCLUDE_IN_FRAMEWORK_HEADER = YES;
				CLANG_WARN_RANGE_LOOP_ANALYSIS = YES;
				CLANG_WARN_STRICT_PROTOTYPES = YES;
				CLANG_WARN_SUSPICIOUS_MOVE = YES;
				CLANG_WARN_UNGUARDED_AVAILABILITY = YES_AGGRESSIVE;
				CLANG_WARN_UNREACHABLE_CODE = YES;
				CLANG_WARN__DUPLICATE_METHOD_MATCH = YES;
				COPY_PHASE_STRIP = NO;
				DEBUG_INFORMATION_FORMAT = "dwarf-with-dsym";
				ENABLE_NS_ASSERTIONS = NO;
				ENABLE_STRICT_OBJC_MSGSEND = YES;
				GCC_C_LANGUAGE_STANDARD = gnu11;
				GCC_NO_COMMON_BLOCKS = YES;
				GCC_WARN_64_TO_32_BIT_CONVERSION = YES;
				GCC_WARN_ABOUT_RETURN_TYPE = YES_ERROR;
				GCC_WARN_UNDECLARED_SELECTOR = YES;
				GCC_WARN_UNINITIALIZED_AUTOS = YES_AGGRESSIVE;
				GCC_WARN_UNUSED_FUNCTION = YES;
				GCC_WARN_UNUSED_VARIABLE = YES;
				IPHONEOS_DEPLOYMENT_TARGET = 14.0;
				MTL_ENABLE_DEBUG_INFO = NO;
				MTL_FAST_MATH = YES;
				SDKROOT = iphoneos;
				SWIFT_COMPILATION_MODE = wholemodule;
				SWIFT_OPTIMIZATION_LEVEL = "-O";
				VALIDATE_PRODUCT = YES;
			};
			name = Release;
		};
		6851931A257A7AC800E70217 /* Debug */ = {
			isa = XCBuildConfiguration;
			baseConfigurationReference = 9C42C3916BBA6B546A83E4D0 /* Pods-GiphySample.debug.xcconfig */;
			buildSettings = {
				ASSETCATALOG_COMPILER_APPICON_NAME = AppIcon;
				ASSETCATALOG_COMPILER_GLOBAL_ACCENT_COLOR_NAME = AccentColor;
				CODE_SIGN_STYLE = Automatic;
				INFOPLIST_FILE = GiphySample/Info.plist;
				IPHONEOS_DEPLOYMENT_TARGET = 14.0;
				LD_RUNPATH_SEARCH_PATHS = (
					"$(inherited)",
					"@executable_path/Frameworks",
				);
				PRODUCT_BUNDLE_IDENTIFIER = com.jambav.GiphySample;
				PRODUCT_NAME = "$(TARGET_NAME)";
				SWIFT_VERSION = 5.0;
				TARGETED_DEVICE_FAMILY = "1,2";
			};
			name = Debug;
		};
		6851931B257A7AC800E70217 /* Release */ = {
			isa = XCBuildConfiguration;
			baseConfigurationReference = 1CBB6498A9757C623814D0FF /* Pods-GiphySample.release.xcconfig */;
			buildSettings = {
				ASSETCATALOG_COMPILER_APPICON_NAME = AppIcon;
				ASSETCATALOG_COMPILER_GLOBAL_ACCENT_COLOR_NAME = AccentColor;
				CODE_SIGN_STYLE = Automatic;
				INFOPLIST_FILE = GiphySample/Info.plist;
				IPHONEOS_DEPLOYMENT_TARGET = 14.0;
				LD_RUNPATH_SEARCH_PATHS = (
					"$(inherited)",
					"@executable_path/Frameworks",
				);
				PRODUCT_BUNDLE_IDENTIFIER = com.jambav.GiphySample;
				PRODUCT_NAME = "$(TARGET_NAME)";
				SWIFT_VERSION = 5.0;
				TARGETED_DEVICE_FAMILY = "1,2";
			};
			name = Release;
		};
/* End XCBuildConfiguration section */

/* Begin XCConfigurationList section */
		68519300257A7AC500E70217 /* Build configuration list for PBXProject "GiphySample" */ = {
			isa = XCConfigurationList;
			buildConfigurations = (
				68519317257A7AC800E70217 /* Debug */,
				68519318257A7AC800E70217 /* Release */,
			);
			defaultConfigurationIsVisible = 0;
			defaultConfigurationName = Release;
		};
		68519319257A7AC800E70217 /* Build configuration list for PBXNativeTarget "GiphySample" */ = {
			isa = XCConfigurationList;
			buildConfigurations = (
				6851931A257A7AC800E70217 /* Debug */,
				6851931B257A7AC800E70217 /* Release */,
			);
			defaultConfigurationIsVisible = 0;
			defaultConfigurationName = Release;
		};
/* End XCConfigurationList section */
	};
	rootObject = 685192FD257A7AC500E70217 /* Project object */;
}
