// !$*UTF8*$!
{
	archiveVersion = 1;
	classes = {
	};
	objectVersion = 51;
	objects = {

/* Begin PBXBuildFile section */
		6836BF0D257B8D3D00D97805 /* HTTPClientProtocol.swift in Sources */ = {isa = PBXBuildFile; fileRef = 6836BF0C257B8D3D00D97805 /* HTTPClientProtocol.swift */; };
		6836BF10257B8FCE00D97805 /* HTTPClient.swift in Sources */ = {isa = PBXBuildFile; fileRef = 6836BF0F257B8FCE00D97805 /* HTTPClient.swift */; };
		6836BF1F257B963300D97805 /* GiphyService.swift in Sources */ = {isa = PBXBuildFile; fileRef = 6836BF1E257B963300D97805 /* GiphyService.swift */; };
		6836BF2B257B966C00D97805 /* GiphyServiceProtocol.swift in Sources */ = {isa = PBXBuildFile; fileRef = 6836BF2A257B966C00D97805 /* GiphyServiceProtocol.swift */; };
		6836BF3A257BA64400D97805 /* GifTableViewCell.swift in Sources */ = {isa = PBXBuildFile; fileRef = 6836BF39257BA64400D97805 /* GifTableViewCell.swift */; };
		6836BF50257BD5C800D97805 /* FeedViewModel.swift in Sources */ = {isa = PBXBuildFile; fileRef = 6836BF4F257BD5C800D97805 /* FeedViewModel.swift */; };
		6836BF5D257BD7DF00D97805 /* GifTVCellViewModel.swift in Sources */ = {isa = PBXBuildFile; fileRef = 6836BF5C257BD7DF00D97805 /* GifTVCellViewModel.swift */; };
		68519309257A7AC500E70217 /* AppDelegate.swift in Sources */ = {isa = PBXBuildFile; fileRef = 68519308257A7AC500E70217 /* AppDelegate.swift */; };
		6851930B257A7AC500E70217 /* SceneDelegate.swift in Sources */ = {isa = PBXBuildFile; fileRef = 6851930A257A7AC500E70217 /* SceneDelegate.swift */; };
		68519310257A7AC500E70217 /* Main.storyboard in Resources */ = {isa = PBXBuildFile; fileRef = 6851930E257A7AC500E70217 /* Main.storyboard */; };
		68519312257A7AC800E70217 /* Assets.xcassets in Resources */ = {isa = PBXBuildFile; fileRef = 68519311257A7AC800E70217 /* Assets.xcassets */; };
		68519315257A7AC800E70217 /* LaunchScreen.storyboard in Resources */ = {isa = PBXBuildFile; fileRef = 68519313257A7AC800E70217 /* LaunchScreen.storyboard */; };
		68519335257A814100E70217 /* AppCoordinator.swift in Sources */ = {isa = PBXBuildFile; fileRef = 68519334257A814100E70217 /* AppCoordinator.swift */; };
		68519339257A81E600E70217 /* Coordinator.swift in Sources */ = {isa = PBXBuildFile; fileRef = 68519338257A81E600E70217 /* Coordinator.swift */; };
		6851933E257A8A0300E70217 /* TabBarPage.swift in Sources */ = {isa = PBXBuildFile; fileRef = 6851933D257A8A0300E70217 /* TabBarPage.swift */; };
		68519342257A91F400E70217 /* TabCoordinator.swift in Sources */ = {isa = PBXBuildFile; fileRef = 68519341257A91F400E70217 /* TabCoordinator.swift */; };
		68519346257A95D500E70217 /* FeedViewController.swift in Sources */ = {isa = PBXBuildFile; fileRef = 68519345257A95D500E70217 /* FeedViewController.swift */; };
		6851934A257A961500E70217 /* FavouritesViewController.swift in Sources */ = {isa = PBXBuildFile; fileRef = 68519349257A961500E70217 /* FavouritesViewController.swift */; };
		6851934E257AA0AA00E70217 /* FeedCoordinator.swift in Sources */ = {isa = PBXBuildFile; fileRef = 6851934D257AA0AA00E70217 /* FeedCoordinator.swift */; };
		6851935B257AA36700E70217 /* FavouritesCoordinator.swift in Sources */ = {isa = PBXBuildFile; fileRef = 6851935A257AA36600E70217 /* FavouritesCoordinator.swift */; };
		6851936C257AAC8700E70217 /* UIViewController+Extensions.swift in Sources */ = {isa = PBXBuildFile; fileRef = 6851936B257AAC8700E70217 /* UIViewController+Extensions.swift */; };
		68519370257AC73F00E70217 /* HTTPRequestProtocol.swift in Sources */ = {isa = PBXBuildFile; fileRef = 6851936F257AC73F00E70217 /* HTTPRequestProtocol.swift */; };
		6851937C257AC91100E70217 /* HTTPEnvironmentProtocol.swift in Sources */ = {isa = PBXBuildFile; fileRef = 6851937B257AC91100E70217 /* HTTPEnvironmentProtocol.swift */; };
		6851937F257ACB8000E70217 /* HTTPRequestProtocol+Extensions.swift in Sources */ = {isa = PBXBuildFile; fileRef = 6851937E257ACB8000E70217 /* HTTPRequestProtocol+Extensions.swift */; };
		6851938C257ACCED00E70217 /* GifsEndpoint.swift in Sources */ = {isa = PBXBuildFile; fileRef = 6851938B257ACCED00E70217 /* GifsEndpoint.swift */; };
		68519391257AD03800E70217 /* HTTPEnvironment.swift in Sources */ = {isa = PBXBuildFile; fileRef = 68519390257AD03800E70217 /* HTTPEnvironment.swift */; };
		68519398257AD49600E70217 /* TrendingModel.swift in Sources */ = {isa = PBXBuildFile; fileRef = 68519397257AD49600E70217 /* TrendingModel.swift */; };
		685193A5257AD51300E70217 /* GifModel.swift in Sources */ = {isa = PBXBuildFile; fileRef = 685193A3257AD51200E70217 /* GifModel.swift */; };
		685193A6257AD51300E70217 /* PaginationModel.swift in Sources */ = {isa = PBXBuildFile; fileRef = 685193A4257AD51200E70217 /* PaginationModel.swift */; };
		685193A9257AD70400E70217 /* GifImagesModel.swift in Sources */ = {isa = PBXBuildFile; fileRef = 685193A8257AD70400E70217 /* GifImagesModel.swift */; };
		68F58680257D54DD00A893F4 /* SearchModel.swift in Sources */ = {isa = PBXBuildFile; fileRef = 68F5867F257D54DD00A893F4 /* SearchModel.swift */; };
		68F58690257D812200A893F4 /* KeyboardHeightObservable.swift in Sources */ = {isa = PBXBuildFile; fileRef = 68F5868F257D812200A893F4 /* KeyboardHeightObservable.swift */; };
		68F5869C257DC70D00A893F4 /* UISearchBar+Extensions.swift in Sources */ = {isa = PBXBuildFile; fileRef = 68F5869B257DC70D00A893F4 /* UISearchBar+Extensions.swift */; };
		68FDB5A6257CC276004DC9FE /* FeedViewInteractor.swift in Sources */ = {isa = PBXBuildFile; fileRef = 68FDB5A5257CC276004DC9FE /* FeedViewInteractor.swift */; };
		F7F73DC9D113F055DC7835C8 /* Pods_GiphySample.framework in Frameworks */ = {isa = PBXBuildFile; fileRef = B23D62E8FF2370A31E622664 /* Pods_GiphySample.framework */; };
/* End PBXBuildFile section */

/* Begin PBXFileReference section */
		1CBB6498A9757C623814D0FF /* Pods-GiphySample.release.xcconfig */ = {isa = PBXFileReference; includeInIndex = 1; lastKnownFileType = text.xcconfig; name = "Pods-GiphySample.release.xcconfig"; path = "Target Support Files/Pods-GiphySample/Pods-GiphySample.release.xcconfig"; sourceTree = "<group>"; };
		6836BF0C257B8D3D00D97805 /* HTTPClientProtocol.swift */ = {isa = PBXFileReference; lastKnownFileType = sourcecode.swift; path = HTTPClientProtocol.swift; sourceTree = "<group>"; };
		6836BF0F257B8FCE00D97805 /* HTTPClient.swift */ = {isa = PBXFileReference; lastKnownFileType = sourcecode.swift; path = HTTPClient.swift; sourceTree = "<group>"; };
		6836BF1E257B963300D97805 /* GiphyService.swift */ = {isa = PBXFileReference; lastKnownFileType = sourcecode.swift; path = GiphyService.swift; sourceTree = "<group>"; };
		6836BF2A257B966C00D97805 /* GiphyServiceProtocol.swift */ = {isa = PBXFileReference; lastKnownFileType = sourcecode.swift; path = GiphyServiceProtocol.swift; sourceTree = "<group>"; };
		6836BF39257BA64400D97805 /* GifTableViewCell.swift */ = {isa = PBXFileReference; lastKnownFileType = sourcecode.swift; path = GifTableViewCell.swift; sourceTree = "<group>"; };
		6836BF4F257BD5C800D97805 /* FeedViewModel.swift */ = {isa = PBXFileReference; lastKnownFileType = sourcecode.swift; path = FeedViewModel.swift; sourceTree = "<group>"; };
		6836BF5C257BD7DF00D97805 /* GifTVCellViewModel.swift */ = {isa = PBXFileReference; lastKnownFileType = sourcecode.swift; path = GifTVCellViewModel.swift; sourceTree = "<group>"; };
		68519305257A7AC500E70217 /* GiphySample.app */ = {isa = PBXFileReference; explicitFileType = wrapper.application; includeInIndex = 0; path = GiphySample.app; sourceTree = BUILT_PRODUCTS_DIR; };
		68519308257A7AC500E70217 /* AppDelegate.swift */ = {isa = PBXFileReference; lastKnownFileType = sourcecode.swift; path = AppDelegate.swift; sourceTree = "<group>"; };
		6851930A257A7AC500E70217 /* SceneDelegate.swift */ = {isa = PBXFileReference; lastKnownFileType = sourcecode.swift; path = SceneDelegate.swift; sourceTree = "<group>"; };
		6851930F257A7AC500E70217 /* Base */ = {isa = PBXFileReference; lastKnownFileType = file.storyboard; name = Base; path = Base.lproj/Main.storyboard; sourceTree = "<group>"; };
		68519311257A7AC800E70217 /* Assets.xcassets */ = {isa = PBXFileReference; lastKnownFileType = folder.assetcatalog; path = Assets.xcassets; sourceTree = "<group>"; };
		68519314257A7AC800E70217 /* Base */ = {isa = PBXFileReference; lastKnownFileType = file.storyboard; name = Base; path = Base.lproj/LaunchScreen.storyboard; sourceTree = "<group>"; };
		68519316257A7AC800E70217 /* Info.plist */ = {isa = PBXFileReference; lastKnownFileType = text.plist.xml; path = Info.plist; sourceTree = "<group>"; };
		68519334257A814100E70217 /* AppCoordinator.swift */ = {isa = PBXFileReference; lastKnownFileType = sourcecode.swift; path = AppCoordinator.swift; sourceTree = "<group>"; };
		68519338257A81E600E70217 /* Coordinator.swift */ = {isa = PBXFileReference; lastKnownFileType = sourcecode.swift; path = Coordinator.swift; sourceTree = "<group>"; };
		6851933D257A8A0300E70217 /* TabBarPage.swift */ = {isa = PBXFileReference; lastKnownFileType = sourcecode.swift; path = TabBarPage.swift; sourceTree = "<group>"; };
		68519341257A91F400E70217 /* TabCoordinator.swift */ = {isa = PBXFileReference; lastKnownFileType = sourcecode.swift; path = TabCoordinator.swift; sourceTree = "<group>"; };
		68519345257A95D500E70217 /* FeedViewController.swift */ = {isa = PBXFileReference; lastKnownFileType = sourcecode.swift; path = FeedViewController.swift; sourceTree = "<group>"; };
		68519349257A961500E70217 /* FavouritesViewController.swift */ = {isa = PBXFileReference; lastKnownFileType = sourcecode.swift; path = FavouritesViewController.swift; sourceTree = "<group>"; };
		6851934D257AA0AA00E70217 /* FeedCoordinator.swift */ = {isa = PBXFileReference; lastKnownFileType = sourcecode.swift; path = FeedCoordinator.swift; sourceTree = "<group>"; };
		6851935A257AA36600E70217 /* FavouritesCoordinator.swift */ = {isa = PBXFileReference; fileEncoding = 4; lastKnownFileType = sourcecode.swift; path = FavouritesCoordinator.swift; sourceTree = "<group>"; };
		6851936B257AAC8700E70217 /* UIViewController+Extensions.swift */ = {isa = PBXFileReference; lastKnownFileType = sourcecode.swift; path = "UIViewController+Extensions.swift"; sourceTree = "<group>"; };
		6851936F257AC73F00E70217 /* HTTPRequestProtocol.swift */ = {isa = PBXFileReference; lastKnownFileType = sourcecode.swift; path = HTTPRequestProtocol.swift; sourceTree = "<group>"; };
		6851937B257AC91100E70217 /* HTTPEnvironmentProtocol.swift */ = {isa = PBXFileReference; fileEncoding = 4; lastKnownFileType = sourcecode.swift; path = HTTPEnvironmentProtocol.swift; sourceTree = "<group>"; };
		6851937E257ACB8000E70217 /* HTTPRequestProtocol+Extensions.swift */ = {isa = PBXFileReference; lastKnownFileType = sourcecode.swift; path = "HTTPRequestProtocol+Extensions.swift"; sourceTree = "<group>"; };
		6851938B257ACCED00E70217 /* GifsEndpoint.swift */ = {isa = PBXFileReference; lastKnownFileType = sourcecode.swift; path = GifsEndpoint.swift; sourceTree = "<group>"; };
		68519390257AD03800E70217 /* HTTPEnvironment.swift */ = {isa = PBXFileReference; lastKnownFileType = sourcecode.swift; path = HTTPEnvironment.swift; sourceTree = "<group>"; };
		68519397257AD49600E70217 /* TrendingModel.swift */ = {isa = PBXFileReference; lastKnownFileType = sourcecode.swift; path = TrendingModel.swift; sourceTree = "<group>"; };
		685193A3257AD51200E70217 /* GifModel.swift */ = {isa = PBXFileReference; fileEncoding = 4; lastKnownFileType = sourcecode.swift; path = GifModel.swift; sourceTree = "<group>"; };
		685193A4257AD51200E70217 /* PaginationModel.swift */ = {isa = PBXFileReference; fileEncoding = 4; lastKnownFileType = sourcecode.swift; path = PaginationModel.swift; sourceTree = "<group>"; };
		685193A8257AD70400E70217 /* GifImagesModel.swift */ = {isa = PBXFileReference; fileEncoding = 4; lastKnownFileType = sourcecode.swift; path = GifImagesModel.swift; sourceTree = "<group>"; };
		68F5867F257D54DD00A893F4 /* SearchModel.swift */ = {isa = PBXFileReference; fileEncoding = 4; lastKnownFileType = sourcecode.swift; path = SearchModel.swift; sourceTree = "<group>"; };
		68F5868F257D812200A893F4 /* KeyboardHeightObservable.swift */ = {isa = PBXFileReference; lastKnownFileType = sourcecode.swift; path = KeyboardHeightObservable.swift; sourceTree = "<group>"; };
		68F5869B257DC70D00A893F4 /* UISearchBar+Extensions.swift */ = {isa = PBXFileReference; lastKnownFileType = sourcecode.swift; path = "UISearchBar+Extensions.swift"; sourceTree = "<group>"; };
		68FDB5A5257CC276004DC9FE /* FeedViewInteractor.swift */ = {isa = PBXFileReference; lastKnownFileType = sourcecode.swift; path = FeedViewInteractor.swift; sourceTree = "<group>"; };
		9C42C3916BBA6B546A83E4D0 /* Pods-GiphySample.debug.xcconfig */ = {isa = PBXFileReference; includeInIndex = 1; lastKnownFileType = text.xcconfig; name = "Pods-GiphySample.debug.xcconfig"; path = "Target Support Files/Pods-GiphySample/Pods-GiphySample.debug.xcconfig"; sourceTree = "<group>"; };
		B23D62E8FF2370A31E622664 /* Pods_GiphySample.framework */ = {isa = PBXFileReference; explicitFileType = wrapper.framework; includeInIndex = 0; path = Pods_GiphySample.framework; sourceTree = BUILT_PRODUCTS_DIR; };
/* End PBXFileReference section */

/* Begin PBXFrameworksBuildPhase section */
		68519302257A7AC500E70217 /* Frameworks */ = {
			isa = PBXFrameworksBuildPhase;
			buildActionMask = 2147483647;
			files = (
				F7F73DC9D113F055DC7835C8 /* Pods_GiphySample.framework in Frameworks */,
			);
			runOnlyForDeploymentPostprocessing = 0;
		};
/* End PBXFrameworksBuildPhase section */

/* Begin PBXGroup section */
		6836BF1D257B95C300D97805 /* Networking */ = {
			isa = PBXGroup;
			children = (
				6836BF0F257B8FCE00D97805 /* HTTPClient.swift */,
				6836BF1E257B963300D97805 /* GiphyService.swift */,
			);
			path = Networking;
			sourceTree = "<group>";
		};
		6836BF38257BA5F600D97805 /* Cells */ = {
			isa = PBXGroup;
			children = (
				6836BF39257BA64400D97805 /* GifTableViewCell.swift */,
			);
			path = Cells;
			sourceTree = "<group>";
		};
		6836BF4E257BD59F00D97805 /* ViewModels */ = {
			isa = PBXGroup;
			children = (
				6836BF4F257BD5C800D97805 /* FeedViewModel.swift */,
				6836BF5C257BD7DF00D97805 /* GifTVCellViewModel.swift */,
			);
			path = ViewModels;
			sourceTree = "<group>";
		};
		685192FC257A7AC500E70217 = {
			isa = PBXGroup;
			children = (
				68519307257A7AC500E70217 /* GiphySample */,
				68519306257A7AC500E70217 /* Products */,
				6FDBF4117401A84850EF8F3D /* Pods */,
				8CAB5FA89E40CE201BF757B2 /* Frameworks */,
			);
			sourceTree = "<group>";
		};
		68519306257A7AC500E70217 /* Products */ = {
			isa = PBXGroup;
			children = (
				68519305257A7AC500E70217 /* GiphySample.app */,
			);
			name = Products;
			sourceTree = "<group>";
		};
		68519307257A7AC500E70217 /* GiphySample */ = {
			isa = PBXGroup;
			children = (
				68519308257A7AC500E70217 /* AppDelegate.swift */,
				6851933C257A89D300E70217 /* Blueprints */,
				6836BF38257BA5F600D97805 /* Cells */,
				68519333257A810900E70217 /* Coordinators */,
				6851938A257ACC9D00E70217 /* EndPoints */,
				6851936A257AAC6100E70217 /* Extensions */,
				68FDB5A4257CC237004DC9FE /* Interactors */,
				68519390257AD03800E70217 /* HTTPEnvironment.swift */,
				6851930A257A7AC500E70217 /* SceneDelegate.swift */,
				68519396257AD42800E70217 /* Models */,
				6836BF1D257B95C300D97805 /* Networking */,
				68519337257A81CE00E70217 /* Protocols */,
				68519344257A95AB00E70217 /* ViewControllers */,
				6836BF4E257BD59F00D97805 /* ViewModels */,
				68F5868E257D80FF00A893F4 /* Utils */,
				6851930E257A7AC500E70217 /* Main.storyboard */,
				68519311257A7AC800E70217 /* Assets.xcassets */,
				68519313257A7AC800E70217 /* LaunchScreen.storyboard */,
				68519316257A7AC800E70217 /* Info.plist */,
			);
			path = GiphySample;
			sourceTree = "<group>";
		};
		68519333257A810900E70217 /* Coordinators */ = {
			isa = PBXGroup;
			children = (
				68519334257A814100E70217 /* AppCoordinator.swift */,
				6851935A257AA36600E70217 /* FavouritesCoordinator.swift */,
				6851934D257AA0AA00E70217 /* FeedCoordinator.swift */,
				68519341257A91F400E70217 /* TabCoordinator.swift */,
			);
			path = Coordinators;
			sourceTree = "<group>";
		};
		68519337257A81CE00E70217 /* Protocols */ = {
			isa = PBXGroup;
			children = (
				68519338257A81E600E70217 /* Coordinator.swift */,
				6836BF2A257B966C00D97805 /* GiphyServiceProtocol.swift */,
				6851936F257AC73F00E70217 /* HTTPRequestProtocol.swift */,
				6851937B257AC91100E70217 /* HTTPEnvironmentProtocol.swift */,
				6836BF0C257B8D3D00D97805 /* HTTPClientProtocol.swift */,
			);
			path = Protocols;
			sourceTree = "<group>";
		};
		6851933C257A89D300E70217 /* Blueprints */ = {
			isa = PBXGroup;
			children = (
				6851933D257A8A0300E70217 /* TabBarPage.swift */,
			);
			path = Blueprints;
			sourceTree = "<group>";
		};
		68519344257A95AB00E70217 /* ViewControllers */ = {
			isa = PBXGroup;
			children = (
				68519345257A95D500E70217 /* FeedViewController.swift */,
				68519349257A961500E70217 /* FavouritesViewController.swift */,
			);
			path = ViewControllers;
			sourceTree = "<group>";
		};
		6851936A257AAC6100E70217 /* Extensions */ = {
			isa = PBXGroup;
			children = (
				6851936B257AAC8700E70217 /* UIViewController+Extensions.swift */,
				6851937E257ACB8000E70217 /* HTTPRequestProtocol+Extensions.swift */,
				68F5869B257DC70D00A893F4 /* UISearchBar+Extensions.swift */,
			);
			path = Extensions;
			sourceTree = "<group>";
		};
		6851938A257ACC9D00E70217 /* EndPoints */ = {
			isa = PBXGroup;
			children = (
				6851938B257ACCED00E70217 /* GifsEndpoint.swift */,
			);
			path = EndPoints;
			sourceTree = "<group>";
		};
		68519396257AD42800E70217 /* Models */ = {
			isa = PBXGroup;
			children = (
				685193A8257AD70400E70217 /* GifImagesModel.swift */,
				685193A3257AD51200E70217 /* GifModel.swift */,
				685193A4257AD51200E70217 /* PaginationModel.swift */,
				68F5867F257D54DD00A893F4 /* SearchModel.swift */,
				68519397257AD49600E70217 /* TrendingModel.swift */,
			);
			path = Models;
			sourceTree = "<group>";
		};
		68F5868E257D80FF00A893F4 /* Utils */ = {
			isa = PBXGroup;
			children = (
				68F5868F257D812200A893F4 /* KeyboardHeightObservable.swift */,
			);
			path = Utils;
			sourceTree = "<group>";
		};
		68FDB5A4257CC237004DC9FE /* Interactors */ = {
			isa = PBXGroup;
			children = (
				68FDB5A5257CC276004DC9FE /* FeedViewInteractor.swift */,
			);
			path = Interactors;
			sourceTree = "<group>";
		};
		6FDBF4117401A84850EF8F3D /* Pods */ = {
			isa = PBXGroup;
			children = (
				9C42C3916BBA6B546A83E4D0 /* Pods-GiphySample.debug.xcconfig */,
				1CBB6498A9757C623814D0FF /* Pods-GiphySample.release.xcconfig */,
			);
			path = Pods;
			sourceTree = "<group>";
		};
		8CAB5FA89E40CE201BF757B2 /* Frameworks */ = {
			isa = PBXGroup;
			children = (
				B23D62E8FF2370A31E622664 /* Pods_GiphySample.framework */,
			);
			name = Frameworks;
			sourceTree = "<group>";
		};
/* End PBXGroup section */

/* Begin PBXNativeTarget section */
		68519304257A7AC500E70217 /* GiphySample */ = {
			isa = PBXNativeTarget;
			buildConfigurationList = 68519319257A7AC800E70217 /* Build configuration list for PBXNativeTarget "GiphySample" */;
			buildPhases = (
				9F1CE7CC1D919535B447CFEF /* [CP] Check Pods Manifest.lock */,
				68519301257A7AC500E70217 /* Sources */,
				68519302257A7AC500E70217 /* Frameworks */,
				68519303257A7AC500E70217 /* Resources */,
				17F0B2A9A9BE04CFB1FC9D2C /* [CP] Embed Pods Frameworks */,
			);
			buildRules = (
			);
			dependencies = (
			);
			name = GiphySample;
			productName = GiphySample;
			productReference = 68519305257A7AC500E70217 /* GiphySample.app */;
			productType = "com.apple.product-type.application";
		};
/* End PBXNativeTarget section */

/* Begin PBXProject section */
		685192FD257A7AC500E70217 /* Project object */ = {
			isa = PBXProject;
			attributes = {
				LastSwiftUpdateCheck = 1220;
				LastUpgradeCheck = 1220;
				TargetAttributes = {
					68519304257A7AC500E70217 = {
						CreatedOnToolsVersion = 12.2;
					};
				};
			};
			buildConfigurationList = 68519300257A7AC500E70217 /* Build configuration list for PBXProject "GiphySample" */;
			compatibilityVersion = "Xcode 9.3";
			developmentRegion = en;
			hasScannedForEncodings = 0;
			knownRegions = (
				en,
				Base,
			);
			mainGroup = 685192FC257A7AC500E70217;
			productRefGroup = 68519306257A7AC500E70217 /* Products */;
			projectDirPath = "";
			projectRoot = "";
			targets = (
				68519304257A7AC500E70217 /* GiphySample */,
			);
		};
/* End PBXProject section */

/* Begin PBXResourcesBuildPhase section */
		68519303257A7AC500E70217 /* Resources */ = {
			isa = PBXResourcesBuildPhase;
			buildActionMask = 2147483647;
			files = (
				68519315257A7AC800E70217 /* LaunchScreen.storyboard in Resources */,
				68519312257A7AC800E70217 /* Assets.xcassets in Resources */,
				68519310257A7AC500E70217 /* Main.storyboard in Resources */,
			);
			runOnlyForDeploymentPostprocessing = 0;
		};
/* End PBXResourcesBuildPhase section */

/* Begin PBXShellScriptBuildPhase section */
		17F0B2A9A9BE04CFB1FC9D2C /* [CP] Embed Pods Frameworks */ = {
			isa = PBXShellScriptBuildPhase;
			buildActionMask = 2147483647;
			files = (
			);
			inputFileListPaths = (
				"${PODS_ROOT}/Target Support Files/Pods-GiphySample/Pods-GiphySample-frameworks-${CONFIGURATION}-input-files.xcfilelist",
			);
			name = "[CP] Embed Pods Frameworks";
			outputFileListPaths = (
				"${PODS_ROOT}/Target Support Files/Pods-GiphySample/Pods-GiphySample-frameworks-${CONFIGURATION}-output-files.xcfilelist",
			);
			runOnlyForDeploymentPostprocessing = 0;
			shellPath = /bin/sh;
			shellScript = "\"${PODS_ROOT}/Target Support Files/Pods-GiphySample/Pods-GiphySample-frameworks.sh\"\n";
			showEnvVarsInLog = 0;
		};
		9F1CE7CC1D919535B447CFEF /* [CP] Check Pods Manifest.lock */ = {
			isa = PBXShellScriptBuildPhase;
			buildActionMask = 2147483647;
			files = (
			);
			inputFileListPaths = (
			);
			inputPaths = (
				"${PODS_PODFILE_DIR_PATH}/Podfile.lock",
				"${PODS_ROOT}/Manifest.lock",
			);
			name = "[CP] Check Pods Manifest.lock";
			outputFileListPaths = (
			);
			outputPaths = (
				"$(DERIVED_FILE_DIR)/Pods-GiphySample-checkManifestLockResult.txt",
			);
			runOnlyForDeploymentPostprocessing = 0;
			shellPath = /bin/sh;
			shellScript = "diff \"${PODS_PODFILE_DIR_PATH}/Podfile.lock\" \"${PODS_ROOT}/Manifest.lock\" > /dev/null\nif [ $? != 0 ] ; then\n    # print error to STDERR\n    echo \"error: The sandbox is not in sync with the Podfile.lock. Run 'pod install' or update your CocoaPods installation.\" >&2\n    exit 1\nfi\n# This output is used by Xcode 'outputs' to avoid re-running this script phase.\necho \"SUCCESS\" > \"${SCRIPT_OUTPUT_FILE_0}\"\n";
			showEnvVarsInLog = 0;
		};
/* End PBXShellScriptBuildPhase section */

/* Begin PBXSourcesBuildPhase section */
		68519301257A7AC500E70217 /* Sources */ = {
			isa = PBXSourcesBuildPhase;
			buildActionMask = 2147483647;
			files = (
				6851934A257A961500E70217 /* FavouritesViewController.swift in Sources */,
				6836BF2B257B966C00D97805 /* GiphyServiceProtocol.swift in Sources */,
				68519398257AD49600E70217 /* TrendingModel.swift in Sources */,
				68F58680257D54DD00A893F4 /* SearchModel.swift in Sources */,
				6836BF3A257BA64400D97805 /* GifTableViewCell.swift in Sources */,
				6851933E257A8A0300E70217 /* TabBarPage.swift in Sources */,
				6836BF1F257B963300D97805 /* GiphyService.swift in Sources */,
				68519391257AD03800E70217 /* HTTPEnvironment.swift in Sources */,
				6851937C257AC91100E70217 /* HTTPEnvironmentProtocol.swift in Sources */,
				685193A6257AD51300E70217 /* PaginationModel.swift in Sources */,
				68F5869C257DC70D00A893F4 /* UISearchBar+Extensions.swift in Sources */,
				6836BF10257B8FCE00D97805 /* HTTPClient.swift in Sources */,
				6851935B257AA36700E70217 /* FavouritesCoordinator.swift in Sources */,
				6836BF0D257B8D3D00D97805 /* HTTPClientProtocol.swift in Sources */,
				6836BF50257BD5C800D97805 /* FeedViewModel.swift in Sources */,
				68F58690257D812200A893F4 /* KeyboardHeightObservable.swift in Sources */,
				68519342257A91F400E70217 /* TabCoordinator.swift in Sources */,
				68519335257A814100E70217 /* AppCoordinator.swift in Sources */,
				6851938C257ACCED00E70217 /* GifsEndpoint.swift in Sources */,
				68519339257A81E600E70217 /* Coordinator.swift in Sources */,
				6851937F257ACB8000E70217 /* HTTPRequestProtocol+Extensions.swift in Sources */,
				685193A9257AD70400E70217 /* GifImagesModel.swift in Sources */,
				6851936C257AAC8700E70217 /* UIViewController+Extensions.swift in Sources */,
				68519309257A7AC500E70217 /* AppDelegate.swift in Sources */,
				6836BF5D257BD7DF00D97805 /* GifTVCellViewModel.swift in Sources */,
				68519346257A95D500E70217 /* FeedViewController.swift in Sources */,
				685193A5257AD51300E70217 /* GifModel.swift in Sources */,
				6851934E257AA0AA00E70217 /* FeedCoordinator.swift in Sources */,
				68FDB5A6257CC276004DC9FE /* FeedViewInteractor.swift in Sources */,
				6851930B257A7AC500E70217 /* SceneDelegate.swift in Sources */,
				68519370257AC73F00E70217 /* HTTPRequestProtocol.swift in Sources */,
			);
			runOnlyForDeploymentPostprocessing = 0;
		};
/* End PBXSourcesBuildPhase section */

/* Begin PBXVariantGroup section */
		6851930E257A7AC500E70217 /* Main.storyboard */ = {
			isa = PBXVariantGroup;
			children = (
				6851930F257A7AC500E70217 /* Base */,
			);
			name = Main.storyboard;
			sourceTree = "<group>";
		};
		68519313257A7AC800E70217 /* LaunchScreen.storyboard */ = {
			isa = PBXVariantGroup;
			children = (
				68519314257A7AC800E70217 /* Base */,
			);
			name = LaunchScreen.storyboard;
			sourceTree = "<group>";
		};
/* End PBXVariantGroup section */

/* Begin XCBuildConfiguration section */
		68519317257A7AC800E70217 /* Debug */ = {
			isa = XCBuildConfiguration;
			buildSettings = {
				ALWAYS_SEARCH_USER_PATHS = NO;
				CLANG_ANALYZER_NONNULL = YES;
				CLANG_ANALYZER_NUMBER_OBJECT_CONVERSION = YES_AGGRESSIVE;
				CLANG_CXX_LANGUAGE_STANDARD = "gnu++14";
				CLANG_CXX_LIBRARY = "libc++";
				CLANG_ENABLE_MODULES = YES;
				CLANG_ENABLE_OBJC_ARC = YES;
				CLANG_ENABLE_OBJC_WEAK = YES;
				CLANG_WARN_BLOCK_CAPTURE_AUTORELEASING = YES;
				CLANG_WARN_BOOL_CONVERSION = YES;
				CLANG_WARN_COMMA = YES;
				CLANG_WARN_CONSTANT_CONVERSION = YES;
				CLANG_WARN_DEPRECATED_OBJC_IMPLEMENTATIONS = YES;
				CLANG_WARN_DIRECT_OBJC_ISA_USAGE = YES_ERROR;
				CLANG_WARN_DOCUMENTATION_COMMENTS = YES;
				CLANG_WARN_EMPTY_BODY = YES;
				CLANG_WARN_ENUM_CONVERSION = YES;
				CLANG_WARN_INFINITE_RECURSION = YES;
				CLANG_WARN_INT_CONVERSION = YES;
				CLANG_WARN_NON_LITERAL_NULL_CONVERSION = YES;
				CLANG_WARN_OBJC_IMPLICIT_RETAIN_SELF = YES;
				CLANG_WARN_OBJC_LITERAL_CONVERSION = YES;
				CLANG_WARN_OBJC_ROOT_CLASS = YES_ERROR;
				CLANG_WARN_QUOTED_INCLUDE_IN_FRAMEWORK_HEADER = YES;
				CLANG_WARN_RANGE_LOOP_ANALYSIS = YES;
				CLANG_WARN_STRICT_PROTOTYPES = YES;
				CLANG_WARN_SUSPICIOUS_MOVE = YES;
				CLANG_WARN_UNGUARDED_AVAILABILITY = YES_AGGRESSIVE;
				CLANG_WARN_UNREACHABLE_CODE = YES;
				CLANG_WARN__DUPLICATE_METHOD_MATCH = YES;
				COPY_PHASE_STRIP = NO;
				DEBUG_INFORMATION_FORMAT = dwarf;
				ENABLE_STRICT_OBJC_MSGSEND = YES;
				ENABLE_TESTABILITY = YES;
				GCC_C_LANGUAGE_STANDARD = gnu11;
				GCC_DYNAMIC_NO_PIC = NO;
				GCC_NO_COMMON_BLOCKS = YES;
				GCC_OPTIMIZATION_LEVEL = 0;
				GCC_PREPROCESSOR_DEFINITIONS = (
					"DEBUG=1",
					"$(inherited)",
				);
				GCC_WARN_64_TO_32_BIT_CONVERSION = YES;
				GCC_WARN_ABOUT_RETURN_TYPE = YES_ERROR;
				GCC_WARN_UNDECLARED_SELECTOR = YES;
				GCC_WARN_UNINITIALIZED_AUTOS = YES_AGGRESSIVE;
				GCC_WARN_UNUSED_FUNCTION = YES;
				GCC_WARN_UNUSED_VARIABLE = YES;
				IPHONEOS_DEPLOYMENT_TARGET = 14.0;
				MTL_ENABLE_DEBUG_INFO = INCLUDE_SOURCE;
				MTL_FAST_MATH = YES;
				ONLY_ACTIVE_ARCH = YES;
				SDKROOT = iphoneos;
				SWIFT_ACTIVE_COMPILATION_CONDITIONS = DEBUG;
				SWIFT_OPTIMIZATION_LEVEL = "-Onone";
			};
			name = Debug;
		};
		68519318257A7AC800E70217 /* Release */ = {
			isa = XCBuildConfiguration;
			buildSettings = {
				ALWAYS_SEARCH_USER_PATHS = NO;
				CLANG_ANALYZER_NONNULL = YES;
				CLANG_ANALYZER_NUMBER_OBJECT_CONVERSION = YES_AGGRESSIVE;
				CLANG_CXX_LANGUAGE_STANDARD = "gnu++14";
				CLANG_CXX_LIBRARY = "libc++";
				CLANG_ENABLE_MODULES = YES;
				CLANG_ENABLE_OBJC_ARC = YES;
				CLANG_ENABLE_OBJC_WEAK = YES;
				CLANG_WARN_BLOCK_CAPTURE_AUTORELEASING = YES;
				CLANG_WARN_BOOL_CONVERSION = YES;
				CLANG_WARN_COMMA = YES;
				CLANG_WARN_CONSTANT_CONVERSION = YES;
				CLANG_WARN_DEPRECATED_OBJC_IMPLEMENTATIONS = YES;
				CLANG_WARN_DIRECT_OBJC_ISA_USAGE = YES_ERROR;
				CLANG_WARN_DOCUMENTATION_COMMENTS = YES;
				CLANG_WARN_EMPTY_BODY = YES;
				CLANG_WARN_ENUM_CONVERSION = YES;
				CLANG_WARN_INFINITE_RECURSION = YES;
				CLANG_WARN_INT_CONVERSION = YES;
				CLANG_WARN_NON_LITERAL_NULL_CONVERSION = YES;
				CLANG_WARN_OBJC_IMPLICIT_RETAIN_SELF = YES;
				CLANG_WARN_OBJC_LITERAL_CONVERSION = YES;
				CLANG_WARN_OBJC_ROOT_CLASS = YES_ERROR;
				CLANG_WARN_QUOTED_INCLUDE_IN_FRAMEWORK_HEADER = YES;
				CLANG_WARN_RANGE_LOOP_ANALYSIS = YES;
				CLANG_WARN_STRICT_PROTOTYPES = YES;
				CLANG_WARN_SUSPICIOUS_MOVE = YES;
				CLANG_WARN_UNGUARDED_AVAILABILITY = YES_AGGRESSIVE;
				CLANG_WARN_UNREACHABLE_CODE = YES;
				CLANG_WARN__DUPLICATE_METHOD_MATCH = YES;
				COPY_PHASE_STRIP = NO;
				DEBUG_INFORMATION_FORMAT = "dwarf-with-dsym";
				ENABLE_NS_ASSERTIONS = NO;
				ENABLE_STRICT_OBJC_MSGSEND = YES;
				GCC_C_LANGUAGE_STANDARD = gnu11;
				GCC_NO_COMMON_BLOCKS = YES;
				GCC_WARN_64_TO_32_BIT_CONVERSION = YES;
				GCC_WARN_ABOUT_RETURN_TYPE = YES_ERROR;
				GCC_WARN_UNDECLARED_SELECTOR = YES;
				GCC_WARN_UNINITIALIZED_AUTOS = YES_AGGRESSIVE;
				GCC_WARN_UNUSED_FUNCTION = YES;
				GCC_WARN_UNUSED_VARIABLE = YES;
				IPHONEOS_DEPLOYMENT_TARGET = 14.0;
				MTL_ENABLE_DEBUG_INFO = NO;
				MTL_FAST_MATH = YES;
				SDKROOT = iphoneos;
				SWIFT_COMPILATION_MODE = wholemodule;
				SWIFT_OPTIMIZATION_LEVEL = "-O";
				VALIDATE_PRODUCT = YES;
			};
			name = Release;
		};
		6851931A257A7AC800E70217 /* Debug */ = {
			isa = XCBuildConfiguration;
			baseConfigurationReference = 9C42C3916BBA6B546A83E4D0 /* Pods-GiphySample.debug.xcconfig */;
			buildSettings = {
				ASSETCATALOG_COMPILER_APPICON_NAME = AppIcon;
				ASSETCATALOG_COMPILER_GLOBAL_ACCENT_COLOR_NAME = AccentColor;
				CODE_SIGN_STYLE = Automatic;
				INFOPLIST_FILE = GiphySample/Info.plist;
				IPHONEOS_DEPLOYMENT_TARGET = 14.0;
				LD_RUNPATH_SEARCH_PATHS = (
					"$(inherited)",
					"@executable_path/Frameworks",
				);
				PRODUCT_BUNDLE_IDENTIFIER = com.jambav.GiphySample;
				PRODUCT_NAME = "$(TARGET_NAME)";
				SWIFT_VERSION = 5.0;
				TARGETED_DEVICE_FAMILY = "1,2";
			};
			name = Debug;
		};
		6851931B257A7AC800E70217 /* Release */ = {
			isa = XCBuildConfiguration;
			baseConfigurationReference = 1CBB6498A9757C623814D0FF /* Pods-GiphySample.release.xcconfig */;
			buildSettings = {
				ASSETCATALOG_COMPILER_APPICON_NAME = AppIcon;
				ASSETCATALOG_COMPILER_GLOBAL_ACCENT_COLOR_NAME = AccentColor;
				CODE_SIGN_STYLE = Automatic;
				INFOPLIST_FILE = GiphySample/Info.plist;
				IPHONEOS_DEPLOYMENT_TARGET = 14.0;
				LD_RUNPATH_SEARCH_PATHS = (
					"$(inherited)",
					"@executable_path/Frameworks",
				);
				PRODUCT_BUNDLE_IDENTIFIER = com.jambav.GiphySample;
				PRODUCT_NAME = "$(TARGET_NAME)";
				SWIFT_VERSION = 5.0;
				TARGETED_DEVICE_FAMILY = "1,2";
			};
			name = Release;
		};
/* End XCBuildConfiguration section */

/* Begin XCConfigurationList section */
		68519300257A7AC500E70217 /* Build configuration list for PBXProject "GiphySample" */ = {
			isa = XCConfigurationList;
			buildConfigurations = (
				68519317257A7AC800E70217 /* Debug */,
				68519318257A7AC800E70217 /* Release */,
			);
			defaultConfigurationIsVisible = 0;
			defaultConfigurationName = Release;
		};
		68519319257A7AC800E70217 /* Build configuration list for PBXNativeTarget "GiphySample" */ = {
			isa = XCConfigurationList;
			buildConfigurations = (
				6851931A257A7AC800E70217 /* Debug */,
				6851931B257A7AC800E70217 /* Release */,
			);
			defaultConfigurationIsVisible = 0;
			defaultConfigurationName = Release;
		};
/* End XCConfigurationList section */
	};
	rootObject = 685192FD257A7AC500E70217 /* Project object */;
}
